Microsoft Visual Studio Solution File, Format Version 11.00
# Visual Studio 2008

Project("{6F98DFB8-6D72-571B-43D2-851EAC46F40B}") = "psd2ugui", "Assembly-CSharp-vs.csproj", "{F01B78D1-12B6-9C32-BE63-91A6EB68186F}"
EndProject
Project("{6F98DFB8-6D72-571B-43D2-851EAC46F40B}") = "psd2ugui", "Assembly-CSharp-Editor-vs.csproj", "{C47D510C-1CF6-2EB5-3021-BC0BC190DE7A}"
EndProject
Global
	GlobalSection(SolutionConfigurationPlatforms) = preSolution
		Debug|Any CPU = Debug|Any CPU
		Release|Any CPU = Release|Any CPU
	EndGlobalSection
	GlobalSection(ProjectConfigurationPlatforms) = postSolution
		{F01B78D1-12B6-9C32-BE63-91A6EB68186F}.Debug|Any CPU.ActiveCfg = Debug|Any CPU
		{F01B78D1-12B6-9C32-BE63-91A6EB68186F}.Debug|Any CPU.Build.0 = Debug|Any CPU
		{F01B78D1-12B6-9C32-BE63-91A6EB68186F}.Release|Any CPU.ActiveCfg = Release|Any CPU
		{F01B78D1-12B6-9C32-BE63-91A6EB68186F}.Release|Any CPU.Build.0 = Release|Any CPU
		{C47D510C-1CF6-2EB5-3021-BC0BC190DE7A}.Debug|Any CPU.ActiveCfg = Debug|Any CPU
		{C47D510C-1CF6-2EB5-3021-BC0BC190DE7A}.Debug|Any CPU.Build.0 = Debug|Any CPU
		{C47D510C-1CF6-2EB5-3021-BC0BC190DE7A}.Release|Any CPU.ActiveCfg = Release|Any CPU
		{C47D510C-1CF6-2EB5-3021-BC0BC190DE7A}.Release|Any CPU.Build.0 = Release|Any CPU
	EndGlobalSection
	GlobalSection(SolutionProperties) = preSolution
		HideSolutionNode = FALSE
	EndGlobalSection
																		GlobalSection(MonoDevelopProperties) = preSolution
		StartupItem = Assembly-CSharp.csproj
		Policies = $0
		$0.TextStylePolicy = $1
		$1.inheritsSet = null
		$1.scope = text/x-csharp
		$0.CSharpFormattingPolicy = $2
		$2.inheritsSet = Mono
		$2.inheritsScope = text/x-csharp
		$2.scope = text/x-csharp
		$0.TextStylePolicy = $3
		$3.FileWidth = 120
		$3.TabWidth = 4
		$3.IndentWidth = 4
		$3.EolMarker = Unix
		$3.inheritsSet = Mono
		$3.inheritsScope = text/plain
		$3.scope = text/plain
	EndGlobalSection

EndGlobal
